
Microsoft Visual Studio Solution File, Format Version 12.00
# Visual Studio Version 17
VisualStudioVersion = 17.0.32014.148
MinimumVisualStudioVersion = 10.0.40219.1
Project("{FAE04EC0-301F-11D3-BF4B-00C04F79EFBC}") = "InterfaceExample", "InterfaceExample\InterfaceExample.csproj", "{45EACF27-A70A-4123-B5B3-9974D1BDEABF}"
EndProject
Global
	GlobalSection(SolutionConfigurationPlatforms) = preSolution
		Debug|Any CPU = Debug|Any CPU
		Release|Any CPU = Release|Any CPU
	EndGlobalSection
	GlobalSection(ProjectConfigurationPlatforms) = postSolution
		{45EACF27-A70A-4123-B5B3-9974D1BDEABF}.Debug|Any CPU.ActiveCfg = Debug|Any CPU
		{45EACF27-A70A-4123-B5B3-9974D1BDEABF}.Debug|Any CPU.Build.0 = Debug|Any CPU
		{45EACF27-A70A-4123-B5B3-9974D1BDEABF}.Release|Any CPU.ActiveCfg = Release|Any CPU
		{45EACF27-A70A-4123-B5B3-9974D1BDEABF}.Release|Any CPU.Build.0 = Release|Any CPU
	EndGlobalSection
	GlobalSection(SolutionProperties) = preSolution
		HideSolutionNode = FALSE
	EndGlobalSection
	GlobalSection(ExtensibilityGlobals) = postSolution
		SolutionGuid = {F41B1AC4-A880-40CA-820B-95DD74343077}
	EndGlobalSection
EndGlobal
